
Microsoft Visual Studio Solution File, Format Version 12.00
# Visual Studio 14
VisualStudioVersion = 14.0.25420.1
MinimumVisualStudioVersion = 10.0.40219.1
Project("{FAE04EC0-301F-11D3-BF4B-00C04F79EFBC}") = "HaveYouSeenMe", "HaveYouSeenMe\HaveYouSeenMe.csproj", "{B9437B6D-AB31-4F92-A4FC-6BE8D11CB739}"
EndProject
Project("{FAE04EC0-301F-11D3-BF4B-00C04F79EFBC}") = "HaveYouSeenMe.Tests", "HaveYouSeenMe.Tests\HaveYouSeenMe.Tests.csproj", "{6DDCADB8-B125-4FE0-96D7-CE8B7E2EF0A4}"
EndProject
Global
	GlobalSection(SolutionConfigurationPlatforms) = preSolution
		Debug|Any CPU = Debug|Any CPU
		Release|Any CPU = Release|Any CPU
	EndGlobalSection
	GlobalSection(ProjectConfigurationPlatforms) = postSolution
		{B9437B6D-AB31-4F92-A4FC-6BE8D11CB739}.Debug|Any CPU.ActiveCfg = Debug|Any CPU
		{B9437B6D-AB31-4F92-A4FC-6BE8D11CB739}.Debug|Any CPU.Build.0 = Debug|Any CPU
		{B9437B6D-AB31-4F92-A4FC-6BE8D11CB739}.Release|Any CPU.ActiveCfg = Release|Any CPU
		{B9437B6D-AB31-4F92-A4FC-6BE8D11CB739}.Release|Any CPU.Build.0 = Release|Any CPU
		{6DDCADB8-B125-4FE0-96D7-CE8B7E2EF0A4}.Debug|Any CPU.ActiveCfg = Debug|Any CPU
		{6DDCADB8-B125-4FE0-96D7-CE8B7E2EF0A4}.Debug|Any CPU.Build.0 = Debug|Any CPU
		{6DDCADB8-B125-4FE0-96D7-CE8B7E2EF0A4}.Release|Any CPU.ActiveCfg = Release|Any CPU
		{6DDCADB8-B125-4FE0-96D7-CE8B7E2EF0A4}.Release|Any CPU.Build.0 = Release|Any CPU
	EndGlobalSection
	GlobalSection(SolutionProperties) = preSolution
		HideSolutionNode = FALSE
	EndGlobalSection
EndGlobal
